
Microsoft Visual Studio Solution File, Format Version 12.00
# Visual Studio Version 16
VisualStudioVersion = 16.0.29318.209
MinimumVisualStudioVersion = 10.0.40219.1
Project("{FAE04EC0-301F-11D3-BF4B-00C04F79EFBC}") = "JigsawStatus", "JigsawStatus\JigsawStatus.csproj", "{4AD32033-CD7F-4D17-9AF1-49007DD470FF}"
EndProject
Global
	GlobalSection(SolutionConfigurationPlatforms) = preSolution
		Debug|Any CPU = Debug|Any CPU
		Release|Any CPU = Release|Any CPU
	EndGlobalSection
	GlobalSection(ProjectConfigurationPlatforms) = postSolution
		{4AD32033-CD7F-4D17-9AF1-49007DD470FF}.Debug|Any CPU.ActiveCfg = Debug|Any CPU
		{4AD32033-CD7F-4D17-9AF1-49007DD470FF}.Debug|Any CPU.Build.0 = Debug|Any CPU
		{4AD32033-CD7F-4D17-9AF1-49007DD470FF}.Release|Any CPU.ActiveCfg = Release|Any CPU
		{4AD32033-CD7F-4D17-9AF1-49007DD470FF}.Release|Any CPU.Build.0 = Release|Any CPU
	EndGlobalSection
	GlobalSection(SolutionProperties) = preSolution
		HideSolutionNode = FALSE
	EndGlobalSection
	GlobalSection(ExtensibilityGlobals) = postSolution
		SolutionGuid = {C259D98B-FE69-4C8B-BA67-03B5B3D747EB}
	EndGlobalSection
EndGlobal
